
Microsoft Visual Studio Solution File, Format Version 12.00
# Visual Studio 15
VisualStudioVersion = 15.0.26430.13
MinimumVisualStudioVersion = 10.0.40219.1
Project("{FAE04EC0-301F-11D3-BF4B-00C04F79EFBC}") = "Origami", "Origami\Origami.csproj", "{13A45C13-3265-47B8-BC48-A553B569DF55}"
EndProject
Project("{FAE04EC0-301F-11D3-BF4B-00C04F79EFBC}") = "Assembly-CSharp", "C:\Users\user\Desktop\HolographicAcademy-Holograms-101\Origami\App\GeneratedProjects\UWP\Assembly-CSharp\Assembly-CSharp.csproj", "{5C26AC77-789A-4482-84F8-DF255E22C0DF}"
EndProject
Project("{FAE04EC0-301F-11D3-BF4B-00C04F79EFBC}") = "Assembly-CSharp-firstpass", "C:\Users\user\Desktop\HolographicAcademy-Holograms-101\Origami\App\GeneratedProjects\UWP\Assembly-CSharp-firstpass\Assembly-CSharp-firstpass.csproj", "{EEC8676D-4297-48F9-874B-834AD908F9FD}"
EndProject
Project("{FAE04EC0-301F-11D3-BF4B-00C04F79EFBC}") = "Menu", "Menu\Menu.csproj", "{077755B9-F813-42CE-ABAB-8BFB8AAC2799}"
EndProject
Global
	GlobalSection(SolutionConfigurationPlatforms) = preSolution
		Debug|ARM = Debug|ARM
		Debug|x64 = Debug|x64
		Debug|x86 = Debug|x86
		Master|ARM = Master|ARM
		Master|x64 = Master|x64
		Master|x86 = Master|x86
		Release|ARM = Release|ARM
		Release|x64 = Release|x64
		Release|x86 = Release|x86
	EndGlobalSection
	GlobalSection(ProjectConfigurationPlatforms) = postSolution
		{13A45C13-3265-47B8-BC48-A553B569DF55}.Debug|ARM.ActiveCfg = Debug|ARM
		{13A45C13-3265-47B8-BC48-A553B569DF55}.Debug|ARM.Build.0 = Debug|ARM
		{13A45C13-3265-47B8-BC48-A553B569DF55}.Debug|ARM.Deploy.0 = Debug|ARM
		{13A45C13-3265-47B8-BC48-A553B569DF55}.Debug|x64.ActiveCfg = Debug|x64
		{13A45C13-3265-47B8-BC48-A553B569DF55}.Debug|x64.Build.0 = Debug|x64
		{13A45C13-3265-47B8-BC48-A553B569DF55}.Debug|x64.Deploy.0 = Debug|x64
		{13A45C13-3265-47B8-BC48-A553B569DF55}.Debug|x86.ActiveCfg = Debug|x86
		{13A45C13-3265-47B8-BC48-A553B569DF55}.Debug|x86.Build.0 = Debug|x86
		{13A45C13-3265-47B8-BC48-A553B569DF55}.Debug|x86.Deploy.0 = Debug|x86
		{13A45C13-3265-47B8-BC48-A553B569DF55}.Master|ARM.ActiveCfg = Master|ARM
		{13A45C13-3265-47B8-BC48-A553B569DF55}.Master|ARM.Build.0 = Master|ARM
		{13A45C13-3265-47B8-BC48-A553B569DF55}.Master|ARM.Deploy.0 = Master|ARM
		{13A45C13-3265-47B8-BC48-A553B569DF55}.Master|x64.ActiveCfg = Master|x64
		{13A45C13-3265-47B8-BC48-A553B569DF55}.Master|x64.Build.0 = Master|x64
		{13A45C13-3265-47B8-BC48-A553B569DF55}.Master|x64.Deploy.0 = Master|x64
		{13A45C13-3265-47B8-BC48-A553B569DF55}.Master|x86.ActiveCfg = Master|x86
		{13A45C13-3265-47B8-BC48-A553B569DF55}.Master|x86.Build.0 = Master|x86
		{13A45C13-3265-47B8-BC48-A553B569DF55}.Master|x86.Deploy.0 = Master|x86
		{13A45C13-3265-47B8-BC48-A553B569DF55}.Release|ARM.ActiveCfg = Release|ARM
		{13A45C13-3265-47B8-BC48-A553B569DF55}.Release|ARM.Build.0 = Release|ARM
		{13A45C13-3265-47B8-BC48-A553B569DF55}.Release|ARM.Deploy.0 = Release|ARM
		{13A45C13-3265-47B8-BC48-A553B569DF55}.Release|x64.ActiveCfg = Release|x64
		{13A45C13-3265-47B8-BC48-A553B569DF55}.Release|x64.Build.0 = Release|x64
		{13A45C13-3265-47B8-BC48-A553B569DF55}.Release|x64.Deploy.0 = Release|x64
		{13A45C13-3265-47B8-BC48-A553B569DF55}.Release|x86.ActiveCfg = Release|x86
		{13A45C13-3265-47B8-BC48-A553B569DF55}.Release|x86.Build.0 = Release|x86
		{13A45C13-3265-47B8-BC48-A553B569DF55}.Release|x86.Deploy.0 = Release|x86
		{5C26AC77-789A-4482-84F8-DF255E22C0DF}.Debug|ARM.ActiveCfg = Debug|ARM
		{5C26AC77-789A-4482-84F8-DF255E22C0DF}.Debug|ARM.Build.0 = Debug|ARM
		{5C26AC77-789A-4482-84F8-DF255E22C0DF}.Debug|x64.ActiveCfg = Debug|x64
		{5C26AC77-789A-4482-84F8-DF255E22C0DF}.Debug|x64.Build.0 = Debug|x64
		{5C26AC77-789A-4482-84F8-DF255E22C0DF}.Debug|x86.ActiveCfg = Debug|x86
		{5C26AC77-789A-4482-84F8-DF255E22C0DF}.Debug|x86.Build.0 = Debug|x86
		{5C26AC77-789A-4482-84F8-DF255E22C0DF}.Master|ARM.ActiveCfg = Master|ARM
		{5C26AC77-789A-4482-84F8-DF255E22C0DF}.Master|ARM.Build.0 = Master|ARM
		{5C26AC77-789A-4482-84F8-DF255E22C0DF}.Master|x64.ActiveCfg = Master|x64
		{5C26AC77-789A-4482-84F8-DF255E22C0DF}.Master|x64.Build.0 = Master|x64
		{5C26AC77-789A-4482-84F8-DF255E22C0DF}.Master|x86.ActiveCfg = Master|x86
		{5C26AC77-789A-4482-84F8-DF255E22C0DF}.Master|x86.Build.0 = Master|x86
		{5C26AC77-789A-4482-84F8-DF255E22C0DF}.Release|ARM.ActiveCfg = Release|ARM
		{5C26AC77-789A-4482-84F8-DF255E22C0DF}.Release|ARM.Build.0 = Release|ARM
		{5C26AC77-789A-4482-84F8-DF255E22C0DF}.Release|x64.ActiveCfg = Release|x64
		{5C26AC77-789A-4482-84F8-DF255E22C0DF}.Release|x64.Build.0 = Release|x64
		{5C26AC77-789A-4482-84F8-DF255E22C0DF}.Release|x86.ActiveCfg = Release|x86
		{5C26AC77-789A-4482-84F8-DF255E22C0DF}.Release|x86.Build.0 = Release|x86
		{EEC8676D-4297-48F9-874B-834AD908F9FD}.Debug|ARM.ActiveCfg = Debug|ARM
		{EEC8676D-4297-48F9-874B-834AD908F9FD}.Debug|ARM.Build.0 = Debug|ARM
		{EEC8676D-4297-48F9-874B-834AD908F9FD}.Debug|x64.ActiveCfg = Debug|x64
		{EEC8676D-4297-48F9-874B-834AD908F9FD}.Debug|x64.Build.0 = Debug|x64
		{EEC8676D-4297-48F9-874B-834AD908F9FD}.Debug|x86.ActiveCfg = Debug|x86
		{EEC8676D-4297-48F9-874B-834AD908F9FD}.Debug|x86.Build.0 = Debug|x86
		{EEC8676D-4297-48F9-874B-834AD908F9FD}.Master|ARM.ActiveCfg = Master|ARM
		{EEC8676D-4297-48F9-874B-834AD908F9FD}.Master|ARM.Build.0 = Master|ARM
		{EEC8676D-4297-48F9-874B-834AD908F9FD}.Master|x64.ActiveCfg = Master|x64
		{EEC8676D-4297-48F9-874B-834AD908F9FD}.Master|x64.Build.0 = Master|x64
		{EEC8676D-4297-48F9-874B-834AD908F9FD}.Master|x86.ActiveCfg = Master|x86
		{EEC8676D-4297-48F9-874B-834AD908F9FD}.Master|x86.Build.0 = Master|x86
		{EEC8676D-4297-48F9-874B-834AD908F9FD}.Release|ARM.ActiveCfg = Release|ARM
		{EEC8676D-4297-48F9-874B-834AD908F9FD}.Release|ARM.Build.0 = Release|ARM
		{EEC8676D-4297-48F9-874B-834AD908F9FD}.Release|x64.ActiveCfg = Release|x64
		{EEC8676D-4297-48F9-874B-834AD908F9FD}.Release|x64.Build.0 = Release|x64
		{EEC8676D-4297-48F9-874B-834AD908F9FD}.Release|x86.ActiveCfg = Release|x86
		{EEC8676D-4297-48F9-874B-834AD908F9FD}.Release|x86.Build.0 = Release|x86
		{077755B9-F813-42CE-ABAB-8BFB8AAC2799}.Debug|ARM.ActiveCfg = Debug|ARM
		{077755B9-F813-42CE-ABAB-8BFB8AAC2799}.Debug|ARM.Build.0 = Debug|ARM
		{077755B9-F813-42CE-ABAB-8BFB8AAC2799}.Debug|ARM.Deploy.0 = Debug|ARM
		{077755B9-F813-42CE-ABAB-8BFB8AAC2799}.Debug|x64.ActiveCfg = Debug|x64
		{077755B9-F813-42CE-ABAB-8BFB8AAC2799}.Debug|x64.Build.0 = Debug|x64
		{077755B9-F813-42CE-ABAB-8BFB8AAC2799}.Debug|x64.Deploy.0 = Debug|x64
		{077755B9-F813-42CE-ABAB-8BFB8AAC2799}.Debug|x86.ActiveCfg = Debug|x86
		{077755B9-F813-42CE-ABAB-8BFB8AAC2799}.Debug|x86.Build.0 = Debug|x86
		{077755B9-F813-42CE-ABAB-8BFB8AAC2799}.Debug|x86.Deploy.0 = Debug|x86
		{077755B9-F813-42CE-ABAB-8BFB8AAC2799}.Master|ARM.ActiveCfg = Release|ARM
		{077755B9-F813-42CE-ABAB-8BFB8AAC2799}.Master|ARM.Build.0 = Release|ARM
		{077755B9-F813-42CE-ABAB-8BFB8AAC2799}.Master|ARM.Deploy.0 = Release|ARM
		{077755B9-F813-42CE-ABAB-8BFB8AAC2799}.Master|x64.ActiveCfg = Release|x64
		{077755B9-F813-42CE-ABAB-8BFB8AAC2799}.Master|x64.Build.0 = Release|x64
		{077755B9-F813-42CE-ABAB-8BFB8AAC2799}.Master|x64.Deploy.0 = Release|x64
		{077755B9-F813-42CE-ABAB-8BFB8AAC2799}.Master|x86.ActiveCfg = Release|x86
		{077755B9-F813-42CE-ABAB-8BFB8AAC2799}.Master|x86.Build.0 = Release|x86
		{077755B9-F813-42CE-ABAB-8BFB8AAC2799}.Master|x86.Deploy.0 = Release|x86
		{077755B9-F813-42CE-ABAB-8BFB8AAC2799}.Release|ARM.ActiveCfg = Release|ARM
		{077755B9-F813-42CE-ABAB-8BFB8AAC2799}.Release|ARM.Build.0 = Release|ARM
		{077755B9-F813-42CE-ABAB-8BFB8AAC2799}.Release|ARM.Deploy.0 = Release|ARM
		{077755B9-F813-42CE-ABAB-8BFB8AAC2799}.Release|x64.ActiveCfg = Release|x64
		{077755B9-F813-42CE-ABAB-8BFB8AAC2799}.Release|x64.Build.0 = Release|x64
		{077755B9-F813-42CE-ABAB-8BFB8AAC2799}.Release|x64.Deploy.0 = Release|x64
		{077755B9-F813-42CE-ABAB-8BFB8AAC2799}.Release|x86.ActiveCfg = Release|x86
		{077755B9-F813-42CE-ABAB-8BFB8AAC2799}.Release|x86.Build.0 = Release|x86
		{077755B9-F813-42CE-ABAB-8BFB8AAC2799}.Release|x86.Deploy.0 = Release|x86
	EndGlobalSection
	GlobalSection(SolutionProperties) = preSolution
		HideSolutionNode = FALSE
	EndGlobalSection
EndGlobal
